# THIS IS AN AUTOGENERATED FILE. DO NOT EDIT THIS FILE DIRECTLY.
# yarn lockfile v1


await-exec@^0.1.2:
  version "0.1.2"
  resolved "https://registry.yarnpkg.com/await-exec/-/await-exec-0.1.2.tgz#c4dc58b415f9daf34fc9d17549f40fbc4839fd6b"
  integrity sha512-BQUiyBLScS0+YPnnCZZGjb78mZ8sQ8aKgxarDPNw05rpbaCS7VIQSLy2tgjZKct9Dn1xLbKMXOpA98OWei90zA==

poisson-process@^1.0.1:
  version "1.0.1"
  resolved "https://registry.yarnpkg.com/poisson-process/-/poisson-process-1.0.1.tgz#7cd54b021700c4b7198a90a1e185b2867ded601e"
  integrity sha512-xUZZi5kOZlRyYWoQ/2wxSUGpTEh+d+FcogG1N1wxq3masPDGuoAcJzn5Ny/xCRPrv4/UCz8aNV0vCojuZrFKKw==

prettier@^2.6.2:
  version "2.6.2"
  resolved "https://registry.yarnpkg.com/prettier/-/prettier-2.6.2.tgz#e26d71a18a74c3d0f0597f55f01fb6c06c206032"
  integrity sha512-PkUpF+qoXTqhOeWL9fu7As8LXsIUZ1WYaJiY/a7McAQzxjk82OF0tibkFXVCDImZtWxbvojFjerkiLb0/q8mew==

talkify-tts@^3.9.1:
  version "3.9.1"
  resolved "https://registry.yarnpkg.com/talkify-tts/-/talkify-tts-3.9.1.tgz#ed9d0292ff3863682186fd54885a701318b1e3d3"
  integrity sha512-pEeYZxFaBZQzxnn1iOXIwuLpFgy+vScSyfqLaP5OlNPklcOcBmqiCz6wuivjbL1Q9csR0mOIJlHDcgNG46zjYw==
